
Microsoft Visual Studio Solution File, Format Version 12.00
# Visual Studio 15
VisualStudioVersion = 15.0.27004.2002
MinimumVisualStudioVersion = 10.0.40219.1
Project("{FAE04EC0-301F-11D3-BF4B-00C04F79EFBC}") = "MedicalCenter", "MedicalCenter\MedicalCenter.csproj", "{DFD4B8E6-0E95-4C31-AD3C-0A224E85A5E3}"
EndProject
Global
	GlobalSection(SolutionConfigurationPlatforms) = preSolution
		Debug|Any CPU = Debug|Any CPU
		Release|Any CPU = Release|Any CPU
	EndGlobalSection
	GlobalSection(ProjectConfigurationPlatforms) = postSolution
		{DFD4B8E6-0E95-4C31-AD3C-0A224E85A5E3}.Debug|Any CPU.ActiveCfg = Debug|Any CPU
		{DFD4B8E6-0E95-4C31-AD3C-0A224E85A5E3}.Debug|Any CPU.Build.0 = Debug|Any CPU
		{DFD4B8E6-0E95-4C31-AD3C-0A224E85A5E3}.Release|Any CPU.ActiveCfg = Release|Any CPU
		{DFD4B8E6-0E95-4C31-AD3C-0A224E85A5E3}.Release|Any CPU.Build.0 = Release|Any CPU
	EndGlobalSection
	GlobalSection(SolutionProperties) = preSolution
		HideSolutionNode = FALSE
	EndGlobalSection
	GlobalSection(ExtensibilityGlobals) = postSolution
		SolutionGuid = {BBFC945B-41D7-4AEC-B606-07C609822317}
	EndGlobalSection
EndGlobal
